
Microsoft Visual Studio Solution File, Format Version 12.00
Project("{FAE04EC0-301F-11D3-BF4B-00C04F79EFBC}") = "CalendarListenerApi", "CalendarListenerApi\CalendarListenerApi.csproj", "{9D4EA6B3-67EE-447E-9058-6466B476A722}"
EndProject
Global
	GlobalSection(SolutionConfigurationPlatforms) = preSolution
		Debug|Any CPU = Debug|Any CPU
		Release|Any CPU = Release|Any CPU
	EndGlobalSection
	GlobalSection(ProjectConfigurationPlatforms) = postSolution
		{18554527-3BD1-4276-8291-159F1C10E97C}.Debug|Any CPU.ActiveCfg = Debug|Any CPU
		{18554527-3BD1-4276-8291-159F1C10E97C}.Debug|Any CPU.Build.0 = Debug|Any CPU
		{18554527-3BD1-4276-8291-159F1C10E97C}.Release|Any CPU.ActiveCfg = Release|Any CPU
		{18554527-3BD1-4276-8291-159F1C10E97C}.Release|Any CPU.Build.0 = Release|Any CPU
		{9D4EA6B3-67EE-447E-9058-6466B476A722}.Debug|Any CPU.ActiveCfg = Debug|Any CPU
		{9D4EA6B3-67EE-447E-9058-6466B476A722}.Debug|Any CPU.Build.0 = Debug|Any CPU
		{9D4EA6B3-67EE-447E-9058-6466B476A722}.Release|Any CPU.ActiveCfg = Release|Any CPU
		{9D4EA6B3-67EE-447E-9058-6466B476A722}.Release|Any CPU.Build.0 = Release|Any CPU
	EndGlobalSection
EndGlobal
